
Microsoft Visual Studio Solution File, Format Version 12.00
# Visual Studio Version 17
VisualStudioVersion = 17.14.36811.4
MinimumVisualStudioVersion = 10.0.40219.1
Project("{FAE04EC0-301F-11D3-BF4B-00C04F79EFBC}") = "Server", "Server\Server.csproj", "{399CEA20-477B-4F53-B6D7-9E1812996A26}"
EndProject
Project("{FAE04EC0-301F-11D3-BF4B-00C04F79EFBC}") = "ChatApp", "ChatApp\ChatApp.csproj", "{4AAD9CAE-B095-3F5F-CF1E-26EE5776EB75}"
EndProject
Global
	GlobalSection(SolutionConfigurationPlatforms) = preSolution
		Debug|Any CPU = Debug|Any CPU
		Release|Any CPU = Release|Any CPU
	EndGlobalSection
	GlobalSection(ProjectConfigurationPlatforms) = postSolution
		{399CEA20-477B-4F53-B6D7-9E1812996A26}.Debug|Any CPU.ActiveCfg = Debug|Any CPU
		{399CEA20-477B-4F53-B6D7-9E1812996A26}.Debug|Any CPU.Build.0 = Debug|Any CPU
		{399CEA20-477B-4F53-B6D7-9E1812996A26}.Release|Any CPU.ActiveCfg = Release|Any CPU
		{399CEA20-477B-4F53-B6D7-9E1812996A26}.Release|Any CPU.Build.0 = Release|Any CPU
		{4AAD9CAE-B095-3F5F-CF1E-26EE5776EB75}.Debug|Any CPU.ActiveCfg = Debug|Any CPU
		{4AAD9CAE-B095-3F5F-CF1E-26EE5776EB75}.Debug|Any CPU.Build.0 = Debug|Any CPU
		{4AAD9CAE-B095-3F5F-CF1E-26EE5776EB75}.Release|Any CPU.ActiveCfg = Release|Any CPU
		{4AAD9CAE-B095-3F5F-CF1E-26EE5776EB75}.Release|Any CPU.Build.0 = Release|Any CPU
	EndGlobalSection
	GlobalSection(SolutionProperties) = preSolution
		HideSolutionNode = FALSE
	EndGlobalSection
	GlobalSection(ExtensibilityGlobals) = postSolution
		SolutionGuid = {A419A8D6-2082-45DA-B7F3-6A684A04494B}
	EndGlobalSection
EndGlobal
